
Microsoft Visual Studio Solution File, Format Version 12.00
# Visual Studio Version 17
VisualStudioVersion = 17.4.33122.133
MinimumVisualStudioVersion = 10.0.40219.1
Project("{9A19103F-16F7-4668-BE54-9A1E7A4F7556}") = "ProjectFireBase.Api", "ProjectFireBase.Api\ProjectFireBase.Api.csproj", "{ED596850-42F8-42E7-9002-3A2F09729074}"
EndProject
Project("{9A19103F-16F7-4668-BE54-9A1E7A4F7556}") = "ProjectFireBase.Model", "ProjectFireBase.Model\ProjectFireBase.Model.csproj", "{56A7507D-AA28-4266-9819-832C181FC48E}"
EndProject
Global
	GlobalSection(SolutionConfigurationPlatforms) = preSolution
		Debug|Any CPU = Debug|Any CPU
		Release|Any CPU = Release|Any CPU
	EndGlobalSection
	GlobalSection(ProjectConfigurationPlatforms) = postSolution
		{ED596850-42F8-42E7-9002-3A2F09729074}.Debug|Any CPU.ActiveCfg = Debug|Any CPU
		{ED596850-42F8-42E7-9002-3A2F09729074}.Debug|Any CPU.Build.0 = Debug|Any CPU
		{ED596850-42F8-42E7-9002-3A2F09729074}.Release|Any CPU.ActiveCfg = Release|Any CPU
		{ED596850-42F8-42E7-9002-3A2F09729074}.Release|Any CPU.Build.0 = Release|Any CPU
		{56A7507D-AA28-4266-9819-832C181FC48E}.Debug|Any CPU.ActiveCfg = Debug|Any CPU
		{56A7507D-AA28-4266-9819-832C181FC48E}.Debug|Any CPU.Build.0 = Debug|Any CPU
		{56A7507D-AA28-4266-9819-832C181FC48E}.Release|Any CPU.ActiveCfg = Release|Any CPU
		{56A7507D-AA28-4266-9819-832C181FC48E}.Release|Any CPU.Build.0 = Release|Any CPU
	EndGlobalSection
	GlobalSection(SolutionProperties) = preSolution
		HideSolutionNode = FALSE
	EndGlobalSection
	GlobalSection(ExtensibilityGlobals) = postSolution
		SolutionGuid = {2C6FABF8-97E7-4643-92DD-1510B8E746E0}
	EndGlobalSection
EndGlobal
